PODS:
  - Masonry (1.1.0)
  - MJExtension (3.2.2)

DEPENDENCIES:
  - Masonry
  - MJExtension

SPEC REPOS:
  https://cdn.cocoapods.org/:
    - Masonry
    - MJExtension

SPEC CHECKSUMS:
  Masonry: 678fab65091a9290e40e2832a55e7ab731aad201
  MJExtension: d9b9c74cbdeb724c1e9ecbb157b318276e62e876

PODFILE CHECKSUM: 6d58cea8ea9ad950ebfbd665d8318980016eb6c1

COCOAPODS: 1.9.3
